
Microsoft Visual Studio Solution File, Format Version 12.00
# Visual Studio 2013
VisualStudioVersion = 12.0.21005.1
MinimumVisualStudioVersion = 10.0.40219.1
Project("{8BC9CEB8-8B4A-11D0-8D11-00A0C91BC942}") = "Largest Number Array", "Largest Number Array\Largest Number Array.vcxproj", "{8B1171A8-0130-4024-BC72-0BCCFD1F9353}"
EndProject
Global
	GlobalSection(SolutionConfigurationPlatforms) = preSolution
		Debug|Win32 = Debug|Win32
		Release|Win32 = Release|Win32
	EndGlobalSection
	GlobalSection(ProjectConfigurationPlatforms) = postSolution
		{8B1171A8-0130-4024-BC72-0BCCFD1F9353}.Debug|Win32.ActiveCfg = Debug|Win32
		{8B1171A8-0130-4024-BC72-0BCCFD1F9353}.Debug|Win32.Build.0 = Debug|Win32
		{8B1171A8-0130-4024-BC72-0BCCFD1F9353}.Release|Win32.ActiveCfg = Release|Win32
		{8B1171A8-0130-4024-BC72-0BCCFD1F9353}.Release|Win32.Build.0 = Release|Win32
	EndGlobalSection
	GlobalSection(SolutionProperties) = preSolution
		HideSolutionNode = FALSE
	EndGlobalSection
EndGlobal
